
Microsoft Visual Studio Solution File, Format Version 12.00
# Visual Studio Version 16
VisualStudioVersion = 16.0.28714.193
MinimumVisualStudioVersion = 10.0.40219.1
Project("{8BC9CEB8-8B4A-11D0-8D11-00A0C91BC942}") = "Lab4.4_Floide_Worshel", "Lab4.4_Floide_Worshel.vcxproj", "{16353038-D2B6-4A05-B4D9-D205364C8AAB}"
EndProject
Project("{8BC9CEB8-8B4A-11D0-8D11-00A0C91BC942}") = "UnitTest_for_lab4.4_Worshel", "..\UnitTest_for_lab4.4_Worshel\UnitTest_for_lab4.4_Worshel.vcxproj", "{65389DA2-1334-426A-9BCF-964EF16B6819}"
EndProject
Global
	GlobalSection(SolutionConfigurationPlatforms) = preSolution
		Debug|x64 = Debug|x64
		Debug|x86 = Debug|x86
		Release|x64 = Release|x64
		Release|x86 = Release|x86
	EndGlobalSection
	GlobalSection(ProjectConfigurationPlatforms) = postSolution
		{16353038-D2B6-4A05-B4D9-D205364C8AAB}.Debug|x64.ActiveCfg = Debug|x64
		{16353038-D2B6-4A05-B4D9-D205364C8AAB}.Debug|x64.Build.0 = Debug|x64
		{16353038-D2B6-4A05-B4D9-D205364C8AAB}.Debug|x86.ActiveCfg = Debug|Win32
		{16353038-D2B6-4A05-B4D9-D205364C8AAB}.Debug|x86.Build.0 = Debug|Win32
		{16353038-D2B6-4A05-B4D9-D205364C8AAB}.Release|x64.ActiveCfg = Release|x64
		{16353038-D2B6-4A05-B4D9-D205364C8AAB}.Release|x64.Build.0 = Release|x64
		{16353038-D2B6-4A05-B4D9-D205364C8AAB}.Release|x86.ActiveCfg = Release|Win32
		{16353038-D2B6-4A05-B4D9-D205364C8AAB}.Release|x86.Build.0 = Release|Win32
		{65389DA2-1334-426A-9BCF-964EF16B6819}.Debug|x64.ActiveCfg = Debug|x64
		{65389DA2-1334-426A-9BCF-964EF16B6819}.Debug|x64.Build.0 = Debug|x64
		{65389DA2-1334-426A-9BCF-964EF16B6819}.Debug|x86.ActiveCfg = Debug|Win32
		{65389DA2-1334-426A-9BCF-964EF16B6819}.Debug|x86.Build.0 = Debug|Win32
		{65389DA2-1334-426A-9BCF-964EF16B6819}.Release|x64.ActiveCfg = Release|x64
		{65389DA2-1334-426A-9BCF-964EF16B6819}.Release|x64.Build.0 = Release|x64
		{65389DA2-1334-426A-9BCF-964EF16B6819}.Release|x86.ActiveCfg = Release|Win32
		{65389DA2-1334-426A-9BCF-964EF16B6819}.Release|x86.Build.0 = Release|Win32
	EndGlobalSection
	GlobalSection(SolutionProperties) = preSolution
		HideSolutionNode = FALSE
	EndGlobalSection
	GlobalSection(ExtensibilityGlobals) = postSolution
		SolutionGuid = {E7DA5161-5D9F-4F5F-A559-B5F53EBB95D7}
	EndGlobalSection
EndGlobal
